github.com/arodland/flexclient v0.0.0-20200422192320-aecab38687d6 h1:EqkueoPsTsmS/sA+I7aLvj7sHNhKBlrqeHgJS4+U1Ac=
github.com/arodland/flexclient v0.0.0-20200422192320-aecab38687d6/go.mod h1:TJsk9/vJ3IIo9h9CTe0qWH4wx/iY/Jr1bkEzfyEsoYo=
github.com/jfreymuth/pulse v0.0.0-20200420102712-d41213b11c0d h1:0W8f58Tz6V6iKc7j4+KTrodWCN8SbX6ZXghsn0OvvAA=
github.com/jfreymuth/pulse v0.0.0-20200420102712-d41213b11c0d/go.mod h1:cpYspI6YljhkUf1WLXLLDmeaaPFc3CnGLjDZf9dZ4no=
github.com/krippendorf/flexlib-go v0.0.0-20190915173206-0615603c3e03 h1:Ms006cLD8bjmWhelibnwBZzKMg4rxmASRSf04ymxALc=
github.com/krippendorf/flexlib-go v0.0.0-20190915173206-0615603c3e03/go.mod h1:2DEEUE+BgOsEbCz8RWpWbe3OyT6wn7xctzMyrxa6op8=
github.com/mesilliac/pulse-simple v0.0.0-20170506101341-75ac54e19fdf h1:Zkc2mThKEz8uIFMN5S9Vde4F075QqonswrYWngsjq0g=
github.com/mesilliac/pulse-simple v0.0.0-20170506101341-75ac54e19fdf/go.mod h1:w/UDU7AYzhUNZpb9TmWkrEFVu1+yA8jn++5871x9hWc=
github.com/smallnest/ringbuffer v0.0.0-20200331140504-3a38e8060b89 h1:rcF/MlDD6u1pN2u9uwCFw9Y5aYS4t/u8/Mhfiub9D2w=
github.com/smallnest/ringbuffer v0.0.0-20200331140504-3a38e8060b89/go.mod h1:wIpUJ8WEUx959cAgIwpDuHUcE7aexxxYNcvXUT08L90=
