github.com/arodland/flexclient v0.0.0-20200326151033-52bf65fc5452 h1:7TO5jv6E8LQory7cVWI1EEu5MbcXWBWBK5XTnO4xiWI=
github.com/arodland/flexclient v0.0.0-20200326151033-52bf65fc5452/go.mod h1:TJsk9/vJ3IIo9h9CTe0qWH4wx/iY/Jr1bkEzfyEsoYo=
github.com/arodland/flexclient v0.0.0-20200326152152-1fa91bd31281 h1:wFpgg9RWUdC2YzrSQqdflV7St6s3uP/H9Jd8gki6W4g=
github.com/arodland/flexclient v0.0.0-20200326152152-1fa91bd31281/go.mod h1:TJsk9/vJ3IIo9h9CTe0qWH4wx/iY/Jr1bkEzfyEsoYo=
github.com/arodland/flexclient v0.0.0-20200326153013-e7318a112e7d h1:mtVbAy5N+tIKd+RFA2/SEW25kBgWLsmOU1+eCMa87W4=
github.com/arodland/flexclient v0.0.0-20200326153013-e7318a112e7d/go.mod h1:TJsk9/vJ3IIo9h9CTe0qWH4wx/iY/Jr1bkEzfyEsoYo=
github.com/arodland/flexclient v0.0.0-20200326153104-61b6ab59ac35 h1:NyGopaB07hT6/hwiKd2Djv/fZT40i5uodam7rrW6lTY=
github.com/arodland/flexclient v0.0.0-20200326153104-61b6ab59ac35/go.mod h1:TJsk9/vJ3IIo9h9CTe0qWH4wx/iY/Jr1bkEzfyEsoYo=
github.com/arodland/flexclient v0.0.0-20200326154410-ec0e3f2d79fb h1:ySLlZxj4dnwm6KN4JlRXbgeFn6z6EoWmU6naacn49WY=
github.com/arodland/flexclient v0.0.0-20200326154410-ec0e3f2d79fb/go.mod h1:TJsk9/vJ3IIo9h9CTe0qWH4wx/iY/Jr1bkEzfyEsoYo=
github.com/arodland/flexclient v0.0.0-20200326155338-924d315e2231 h1:hWXP8iFkY4DdeAzLQRoMHyHbHID8p1UdoX1pABY9WAQ=
github.com/arodland/flexclient v0.0.0-20200326155338-924d315e2231/go.mod h1:TJsk9/vJ3IIo9h9CTe0qWH4wx/iY/Jr1bkEzfyEsoYo=
github.com/arodland/flexclient v0.0.0-20200326160556-c9aa20fece1b h1:iiHpRk/HWmzVZebAFzN3m8yS4J47H6kwM8aEUt9P94c=
github.com/arodland/flexclient v0.0.0-20200326160556-c9aa20fece1b/go.mod h1:TJsk9/vJ3IIo9h9CTe0qWH4wx/iY/Jr1bkEzfyEsoYo=
github.com/arodland/flexclient v0.0.0-20200326161548-d1ca6a76e645 h1:anClwPpTZFjvOWg/VeNg9vizhNmGyKl8slCSoMYSz3U=
github.com/arodland/flexclient v0.0.0-20200326161548-d1ca6a76e645/go.mod h1:TJsk9/vJ3IIo9h9CTe0qWH4wx/iY/Jr1bkEzfyEsoYo=
github.com/arodland/flexclient v0.0.0-20200326161722-e53331342ce3 h1:oO1ytxliYpIA9R/mVhYxd1V0grqIp9Pg+MyJmBkhRZM=
github.com/arodland/flexclient v0.0.0-20200326161722-e53331342ce3/go.mod h1:TJsk9/vJ3IIo9h9CTe0qWH4wx/iY/Jr1bkEzfyEsoYo=
github.com/arodland/flexclient v0.0.0-20200326173658-1204deca036a h1:yj0VwPgGS4ZDPYYvkqG0CJhnO5Es2CVUUwb2qawjMyY=
github.com/arodland/flexclient v0.0.0-20200326173658-1204deca036a/go.mod h1:TJsk9/vJ3IIo9h9CTe0qWH4wx/iY/Jr1bkEzfyEsoYo=
github.com/arodland/flexclient v0.0.0-20200401030543-6874c74d5867 h1:KnI+T3eiYT34nbcPrBOZ5U8BERf7FalRlVpDtGi60gw=
github.com/arodland/flexclient v0.0.0-20200401030543-6874c74d5867/go.mod h1:TJsk9/vJ3IIo9h9CTe0qWH4wx/iY/Jr1bkEzfyEsoYo=
github.com/arodland/flexclient v0.0.0-20200401031442-48db7033d3d4 h1:9JD12VqHaZsImJispeRd9eXSUpUrQbO5oNWSM8gZUUg=
github.com/arodland/flexclient v0.0.0-20200401031442-48db7033d3d4/go.mod h1:TJsk9/vJ3IIo9h9CTe0qWH4wx/iY/Jr1bkEzfyEsoYo=
github.com/arodland/flexclient v0.0.0-20200401032639-07e418930243 h1:QGANYZt9Jh0L1EtyXD0IRT8a/FM9RJpnmvgUTQuNuco=
github.com/arodland/flexclient v0.0.0-20200401032639-07e418930243/go.mod h1:TJsk9/vJ3IIo9h9CTe0qWH4wx/iY/Jr1bkEzfyEsoYo=
github.com/arodland/flexclient v0.0.0-20200403041522-2c751c2755ae h1:s36KAIHbZNxnlPHQH4SxsdTRY5g52rzWkgVmKmWJJ+k=
github.com/arodland/flexclient v0.0.0-20200403041522-2c751c2755ae/go.mod h1:TJsk9/vJ3IIo9h9CTe0qWH4wx/iY/Jr1bkEzfyEsoYo=
github.com/arodland/flexclient v0.0.0-20200403043142-fd94f34140b7 h1:jKa9NgwQLs81BvE6MV1MSMPrnGqyc+hE8zuyea5HSiQ=
github.com/arodland/flexclient v0.0.0-20200403043142-fd94f34140b7/go.mod h1:TJsk9/vJ3IIo9h9CTe0qWH4wx/iY/Jr1bkEzfyEsoYo=
github.com/arodland/flexclient v0.0.0-20200403043514-24e7909de583 h1:OiELmvWeRvK240BgqVLNV0M9OmtxEqS0A0ivzT+hbPg=
github.com/arodland/flexclient v0.0.0-20200403043514-24e7909de583/go.mod h1:TJsk9/vJ3IIo9h9CTe0qWH4wx/iY/Jr1bkEzfyEsoYo=
github.com/krippendorf/flexlib-go v0.0.0-20190915173206-0615603c3e03 h1:Ms006cLD8bjmWhelibnwBZzKMg4rxmASRSf04ymxALc=
github.com/krippendorf/flexlib-go v0.0.0-20190915173206-0615603c3e03/go.mod h1:2DEEUE+BgOsEbCz8RWpWbe3OyT6wn7xctzMyrxa6op8=
