github.com/arodland/flexclient v0.0.0-20200403212027-3704d6d9e88e h1:IZPzrej/SaBNuJ2HnL1OjjtSJZ/rPlPqTuDWzafXxTQ=
github.com/arodland/flexclient v0.0.0-20200403212027-3704d6d9e88e/go.mod h1:TJsk9/vJ3IIo9h9CTe0qWH4wx/iY/Jr1bkEzfyEsoYo=
github.com/krippendorf/flexlib-go v0.0.0-20190915173206-0615603c3e03 h1:Ms006cLD8bjmWhelibnwBZzKMg4rxmASRSf04ymxALc=
github.com/krippendorf/flexlib-go v0.0.0-20190915173206-0615603c3e03/go.mod h1:2DEEUE+BgOsEbCz8RWpWbe3OyT6wn7xctzMyrxa6op8=
github.com/mesilliac/pulse-simple v0.0.0-20170506101341-75ac54e19fdf h1:Zkc2mThKEz8uIFMN5S9Vde4F075QqonswrYWngsjq0g=
github.com/mesilliac/pulse-simple v0.0.0-20170506101341-75ac54e19fdf/go.mod h1:w/UDU7AYzhUNZpb9TmWkrEFVu1+yA8jn++5871x9hWc=
github.com/smallnest/ringbuffer v0.0.0-20200331140504-3a38e8060b89 h1:rcF/MlDD6u1pN2u9uwCFw9Y5aYS4t/u8/Mhfiub9D2w=
github.com/smallnest/ringbuffer v0.0.0-20200331140504-3a38e8060b89/go.mod h1:wIpUJ8WEUx959cAgIwpDuHUcE7aexxxYNcvXUT08L90=
